
Microsoft Visual Studio Solution File, Format Version 12.00
# Visual Studio Version 16
VisualStudioVersion = 16.0.28803.452
MinimumVisualStudioVersion = 10.0.40219.1
Project("{FAE04EC0-301F-11D3-BF4B-00C04F79EFBC}") = "ProyectoWebCarDealer", "ProyectoWebCarDealer\ProyectoWebCarDealer.csproj", "{E2ADDF1A-D781-4AB5-BC7F-EC684BD4EFF5}"
EndProject
Project("{FAE04EC0-301F-11D3-BF4B-00C04F79EFBC}") = "ProyectoWebCarDealer.Tests", "ProyectoWebCarDealer.Tests\ProyectoWebCarDealer.Tests.csproj", "{9F912758-FA16-4852-A641-9A258CFD8BC3}"
EndProject
Project("{FAE04EC0-301F-11D3-BF4B-00C04F79EFBC}") = "Entidades", "Entidades\Entidades.csproj", "{F9759B39-451F-4D53-8984-F5A3EE1800BD}"
EndProject
Project("{FAE04EC0-301F-11D3-BF4B-00C04F79EFBC}") = "DAL", "DAL\DAL.csproj", "{3EFFDC44-E58F-478E-AA37-87CA3F876621}"
EndProject
Project("{FAE04EC0-301F-11D3-BF4B-00C04F79EFBC}") = "BLL", "BLL\BLL.csproj", "{4B7B6F2D-9924-498B-96AA-9DDBE910B055}"
EndProject
Global
	GlobalSection(SolutionConfigurationPlatforms) = preSolution
		Debug|Any CPU = Debug|Any CPU
		Release|Any CPU = Release|Any CPU
	EndGlobalSection
	GlobalSection(ProjectConfigurationPlatforms) = postSolution
		{E2ADDF1A-D781-4AB5-BC7F-EC684BD4EFF5}.Debug|Any CPU.ActiveCfg = Debug|Any CPU
		{E2ADDF1A-D781-4AB5-BC7F-EC684BD4EFF5}.Debug|Any CPU.Build.0 = Debug|Any CPU
		{E2ADDF1A-D781-4AB5-BC7F-EC684BD4EFF5}.Release|Any CPU.ActiveCfg = Release|Any CPU
		{E2ADDF1A-D781-4AB5-BC7F-EC684BD4EFF5}.Release|Any CPU.Build.0 = Release|Any CPU
		{9F912758-FA16-4852-A641-9A258CFD8BC3}.Debug|Any CPU.ActiveCfg = Debug|Any CPU
		{9F912758-FA16-4852-A641-9A258CFD8BC3}.Debug|Any CPU.Build.0 = Debug|Any CPU
		{9F912758-FA16-4852-A641-9A258CFD8BC3}.Release|Any CPU.ActiveCfg = Release|Any CPU
		{9F912758-FA16-4852-A641-9A258CFD8BC3}.Release|Any CPU.Build.0 = Release|Any CPU
		{F9759B39-451F-4D53-8984-F5A3EE1800BD}.Debug|Any CPU.ActiveCfg = Debug|Any CPU
		{F9759B39-451F-4D53-8984-F5A3EE1800BD}.Debug|Any CPU.Build.0 = Debug|Any CPU
		{F9759B39-451F-4D53-8984-F5A3EE1800BD}.Release|Any CPU.ActiveCfg = Release|Any CPU
		{F9759B39-451F-4D53-8984-F5A3EE1800BD}.Release|Any CPU.Build.0 = Release|Any CPU
		{3EFFDC44-E58F-478E-AA37-87CA3F876621}.Debug|Any CPU.ActiveCfg = Debug|Any CPU
		{3EFFDC44-E58F-478E-AA37-87CA3F876621}.Debug|Any CPU.Build.0 = Debug|Any CPU
		{3EFFDC44-E58F-478E-AA37-87CA3F876621}.Release|Any CPU.ActiveCfg = Release|Any CPU
		{3EFFDC44-E58F-478E-AA37-87CA3F876621}.Release|Any CPU.Build.0 = Release|Any CPU
		{4B7B6F2D-9924-498B-96AA-9DDBE910B055}.Debug|Any CPU.ActiveCfg = Debug|Any CPU
		{4B7B6F2D-9924-498B-96AA-9DDBE910B055}.Debug|Any CPU.Build.0 = Debug|Any CPU
		{4B7B6F2D-9924-498B-96AA-9DDBE910B055}.Release|Any CPU.ActiveCfg = Release|Any CPU
		{4B7B6F2D-9924-498B-96AA-9DDBE910B055}.Release|Any CPU.Build.0 = Release|Any CPU
	EndGlobalSection
	GlobalSection(SolutionProperties) = preSolution
		HideSolutionNode = FALSE
	EndGlobalSection
	GlobalSection(ExtensibilityGlobals) = postSolution
		SolutionGuid = {F6FB9D7B-9A42-41EE-976A-452B156F3D80}
	EndGlobalSection
EndGlobal
